
Microsoft Visual Studio Solution File, Format Version 12.00
# Visual Studio 15
VisualStudioVersion = 15.0.28307.489
MinimumVisualStudioVersion = 10.0.40219.1
Project("{2150E333-8FDC-42A3-9474-1A3956D46DE8}") = "01", "01", "{6678DD98-8464-42BF-A2F6-047994F4847E}"
EndProject
Project("{2150E333-8FDC-42A3-9474-1A3956D46DE8}") = "02", "02", "{088370A7-3196-4B58-B620-0FDDE7829C89}"
EndProject
Project("{9A19103F-16F7-4668-BE54-9A1E7A4F7556}") = "HelloWorld", "01\HelloWorld\HelloWorld.csproj", "{7EB83A06-90AA-443A-A7D8-2C54D27BA4FE}"
EndProject
Project("{9A19103F-16F7-4668-BE54-9A1E7A4F7556}") = "Comment", "02\Comment\Comment.csproj", "{79DED209-3F09-40EF-B094-AFCCC2F7C564}"
EndProject
Project("{FAE04EC0-301F-11D3-BF4B-00C04F79EFBC}") = "PrimitiveTypesToBinary", "PrimitiveTypesToBinary\PrimitiveTypesToBinary.csproj", "{F245D7BD-4A8D-4905-AC3E-EF02E54AD582}"
EndProject
Project("{FAE04EC0-301F-11D3-BF4B-00C04F79EFBC}") = "Variables", "02\Variables\Variables.csproj", "{50082B0A-22F5-403C-A148-2B4D6A8222F2}"
EndProject
Global
	GlobalSection(SolutionConfigurationPlatforms) = preSolution
		Debug|Any CPU = Debug|Any CPU
		Release|Any CPU = Release|Any CPU
	EndGlobalSection
	GlobalSection(ProjectConfigurationPlatforms) = postSolution
		{7EB83A06-90AA-443A-A7D8-2C54D27BA4FE}.Debug|Any CPU.ActiveCfg = Debug|Any CPU
		{7EB83A06-90AA-443A-A7D8-2C54D27BA4FE}.Debug|Any CPU.Build.0 = Debug|Any CPU
		{7EB83A06-90AA-443A-A7D8-2C54D27BA4FE}.Release|Any CPU.ActiveCfg = Release|Any CPU
		{7EB83A06-90AA-443A-A7D8-2C54D27BA4FE}.Release|Any CPU.Build.0 = Release|Any CPU
		{79DED209-3F09-40EF-B094-AFCCC2F7C564}.Debug|Any CPU.ActiveCfg = Debug|Any CPU
		{79DED209-3F09-40EF-B094-AFCCC2F7C564}.Debug|Any CPU.Build.0 = Debug|Any CPU
		{79DED209-3F09-40EF-B094-AFCCC2F7C564}.Release|Any CPU.ActiveCfg = Release|Any CPU
		{79DED209-3F09-40EF-B094-AFCCC2F7C564}.Release|Any CPU.Build.0 = Release|Any CPU
		{F245D7BD-4A8D-4905-AC3E-EF02E54AD582}.Debug|Any CPU.ActiveCfg = Debug|Any CPU
		{F245D7BD-4A8D-4905-AC3E-EF02E54AD582}.Debug|Any CPU.Build.0 = Debug|Any CPU
		{F245D7BD-4A8D-4905-AC3E-EF02E54AD582}.Release|Any CPU.ActiveCfg = Release|Any CPU
		{F245D7BD-4A8D-4905-AC3E-EF02E54AD582}.Release|Any CPU.Build.0 = Release|Any CPU
		{50082B0A-22F5-403C-A148-2B4D6A8222F2}.Debug|Any CPU.ActiveCfg = Debug|Any CPU
		{50082B0A-22F5-403C-A148-2B4D6A8222F2}.Debug|Any CPU.Build.0 = Debug|Any CPU
		{50082B0A-22F5-403C-A148-2B4D6A8222F2}.Release|Any CPU.ActiveCfg = Release|Any CPU
		{50082B0A-22F5-403C-A148-2B4D6A8222F2}.Release|Any CPU.Build.0 = Release|Any CPU
	EndGlobalSection
	GlobalSection(SolutionProperties) = preSolution
		HideSolutionNode = FALSE
	EndGlobalSection
	GlobalSection(NestedProjects) = preSolution
		{7EB83A06-90AA-443A-A7D8-2C54D27BA4FE} = {6678DD98-8464-42BF-A2F6-047994F4847E}
		{79DED209-3F09-40EF-B094-AFCCC2F7C564} = {088370A7-3196-4B58-B620-0FDDE7829C89}
		{F245D7BD-4A8D-4905-AC3E-EF02E54AD582} = {088370A7-3196-4B58-B620-0FDDE7829C89}
		{50082B0A-22F5-403C-A148-2B4D6A8222F2} = {088370A7-3196-4B58-B620-0FDDE7829C89}
	EndGlobalSection
	GlobalSection(ExtensibilityGlobals) = postSolution
		SolutionGuid = {96723904-3ECA-4291-9A14-EEC341AC2BE4}
	EndGlobalSection
EndGlobal
