
Microsoft Visual Studio Solution File, Format Version 12.00
# Visual Studio 15
VisualStudioVersion = 15.0.28307.489
MinimumVisualStudioVersion = 10.0.40219.1
Project("{2150E333-8FDC-42A3-9474-1A3956D46DE8}") = "01", "01", "{6678DD98-8464-42BF-A2F6-047994F4847E}"
EndProject
Project("{2150E333-8FDC-42A3-9474-1A3956D46DE8}") = "02", "02", "{088370A7-3196-4B58-B620-0FDDE7829C89}"
EndProject
Project("{9A19103F-16F7-4668-BE54-9A1E7A4F7556}") = "HelloWorld", "01\HelloWorld\HelloWorld.csproj", "{7EB83A06-90AA-443A-A7D8-2C54D27BA4FE}"
EndProject
Project("{9A19103F-16F7-4668-BE54-9A1E7A4F7556}") = "Comment", "02\Comment\Comment.csproj", "{79DED209-3F09-40EF-B094-AFCCC2F7C564}"
EndProject
Project("{9A19103F-16F7-4668-BE54-9A1E7A4F7556}") = "Variables", "02\Variables\Variables.csproj", "{50082B0A-22F5-403C-A148-2B4D6A8222F2}"
EndProject
Project("{9A19103F-16F7-4668-BE54-9A1E7A4F7556}") = "PrimitiveTypesToBinary", "02\PrimitiveTypesToBinary\PrimitiveTypesToBinary.csproj", "{714A5E8E-F413-442E-881F-2101E0BB4F9F}"
EndProject
Project("{2150E333-8FDC-42A3-9474-1A3956D46DE8}") = "03", "03", "{BFC911D9-03DA-47F2-8660-448DD7A9A4A4}"
EndProject
Project("{9A19103F-16F7-4668-BE54-9A1E7A4F7556}") = "TypeConversion", "03\TypeConversion\TypeConversion.csproj", "{D608108B-2A30-4A64-A222-40794ACCED54}"
EndProject
Project("{9A19103F-16F7-4668-BE54-9A1E7A4F7556}") = "Calculator", "03\Calculator\Calculator.csproj", "{2AC0D5D3-22FD-4408-9A1C-D4F840DA92E9}"
EndProject
Project("{9A19103F-16F7-4668-BE54-9A1E7A4F7556}") = "IncrementAndDecrementOperators", "03\IncrementAndDecrementOperators\IncrementAndDecrementOperators.csproj", "{C43A79F9-8FD2-45C4-8CDA-79C63502DABD}"
EndProject
Project("{9A19103F-16F7-4668-BE54-9A1E7A4F7556}") = "BitwiseMultiplicationAndDividation", "03\BitwiseMultiplicationAndDividation\BitwiseMultiplicationAndDividation.csproj", "{FB781ACC-E8DF-4AA7-AC04-1977D81D9EE3}"
EndProject
Project("{9A19103F-16F7-4668-BE54-9A1E7A4F7556}") = "BitFlag", "03\BitFlag\BitFlag.csproj", "{90C55505-62FC-432C-AFE7-284CDE7CCFF0}"
EndProject
Project("{9A19103F-16F7-4668-BE54-9A1E7A4F7556}") = "ASCIICodeHelloWorld", "03\ASCIICodeHelloWorld\ASCIICodeHelloWorld.csproj", "{413AFEAD-C7D9-44DF-8966-9F955F1FFF83}"
EndProject
Project("{9A19103F-16F7-4668-BE54-9A1E7A4F7556}") = "StringInterpolation", "03\StringInterpolation\StringInterpolation.csproj", "{F0C31ECE-DD83-4780-8108-237D3E689870}"
EndProject
Project("{9A19103F-16F7-4668-BE54-9A1E7A4F7556}") = "InsertStudentInformation", "03\InsertStudentInformation\InsertStudentInformation.csproj", "{52C6D987-3C1A-45D2-AC22-2B934FD8F458}"
EndProject
Project("{2150E333-8FDC-42A3-9474-1A3956D46DE8}") = "04", "04", "{C1245CF3-0070-4EA3-B20E-80146468B9A2}"
EndProject
Project("{9A19103F-16F7-4668-BE54-9A1E7A4F7556}") = "InsertStudentInformation2", "04\InsertStudentInformation2\InsertStudentInformation2.csproj", "{85B41686-F643-4DBB-9DEA-1989CF9B5B06}"
EndProject
Project("{9A19103F-16F7-4668-BE54-9A1E7A4F7556}") = "LogicalExpressions", "04\LogicalExpressions\LogicalExpressions.csproj", "{A9886A91-1140-4DBE-A885-A06FE242FA62}"
EndProject
Project("{9A19103F-16F7-4668-BE54-9A1E7A4F7556}") = "OrderOfExpressionEvaluation", "04\OrderOfExpressionEvaluation\OrderOfExpressionEvaluation.csproj", "{2BFAE356-8C7F-4438-8F16-CDBF00A39CB9}"
EndProject
Project("{2150E333-8FDC-42A3-9474-1A3956D46DE8}") = "05", "05", "{0D9CB036-ACA6-4911-8E9F-2D0CBF08721A}"
EndProject
Project("{9A19103F-16F7-4668-BE54-9A1E7A4F7556}") = "CalculatorWithSwitchStatement", "05\CalculatorWithSwitchStatement\CalculatorWithSwitchStatement.csproj", "{C4F4DC83-A1F8-4BEC-9F27-9531C0C84DBB}"
EndProject
Project("{9A19103F-16F7-4668-BE54-9A1E7A4F7556}") = "InsertStudentInformation3", "05\InsertStudentInformation3\InsertStudentInformation3.csproj", "{600E0D56-264C-4F0F-8E17-6457C0FE4E4A}"
EndProject
Project("{9A19103F-16F7-4668-BE54-9A1E7A4F7556}") = "Sum", "05\Sum\Sum.csproj", "{BA350D0B-832D-4BFA-A32B-96879D7402BD}"
EndProject
Project("{9A19103F-16F7-4668-BE54-9A1E7A4F7556}") = "InfiniteWhileLoop", "05\InfiniteWhileLoop\InfiniteWhileLoop.csproj", "{A8DFB64C-7B08-4223-B2E1-780F69CC6817}"
EndProject
Project("{9A19103F-16F7-4668-BE54-9A1E7A4F7556}") = "AddTwo2dArrays", "05\AddTwo2dArrays\AddTwo2dArrays.csproj", "{B5886FA2-3A36-41F6-9757-6C3EDC72EC16}"
EndProject
Project("{2150E333-8FDC-42A3-9474-1A3956D46DE8}") = "06", "06", "{773EA059-A4E9-4C60-B323-5F412F1D7976}"
EndProject
Project("{9A19103F-16F7-4668-BE54-9A1E7A4F7556}") = "Functions", "06\Functions\Functions.csproj", "{26BF50FC-FFEA-4FF6-8907-04DE56649526}"
EndProject
Project("{9A19103F-16F7-4668-BE54-9A1E7A4F7556}") = "Scope", "06\Scope\Scope.csproj", "{6F2D0348-7E7E-4147-8E5F-EC5ECC84FF3C}"
EndProject
Project("{9A19103F-16F7-4668-BE54-9A1E7A4F7556}") = "CallByValueAndCallByReference", "06\CallByValueAndCallByReference\CallByValueAndCallByReference.csproj", "{FA9AF6C2-9313-4C20-A60C-547DF0511F29}"
EndProject
Project("{9A19103F-16F7-4668-BE54-9A1E7A4F7556}") = "InputValidationUsingAssert", "06\InputValidationUsingAssert\InputValidationUsingAssert.csproj", "{94E98592-9374-4D50-9250-EDA14BA21D77}"
EndProject
Project("{9A19103F-16F7-4668-BE54-9A1E7A4F7556}") = "CalculatorUsingEnum", "06\CalculatorUsingEnum\CalculatorUsingEnum.csproj", "{D5B1C45C-D85B-4952-AF22-D29F3C380DE2}"
EndProject
Project("{2150E333-8FDC-42A3-9474-1A3956D46DE8}") = "07", "07", "{C7DF3224-CF8A-444C-AEB4-C7970A821411}"
EndProject
Project("{9A19103F-16F7-4668-BE54-9A1E7A4F7556}") = "RecursiveFactorial", "07\RecursiveFactorial\RecursiveFactorial.csproj", "{BFA3851F-578C-44EE-AC3C-11B8123EDEEE}"
EndProject
Project("{9A19103F-16F7-4668-BE54-9A1E7A4F7556}") = "RandomShuffling", "07\RandomShuffling\RandomShuffling.csproj", "{84F27B74-14D4-4939-9321-691E3BE922C2}"
EndProject
Project("{2150E333-8FDC-42A3-9474-1A3956D46DE8}") = "09", "09", "{F7422A70-934F-4308-8D50-ACBBD966BD5C}"
EndProject
Project("{9A19103F-16F7-4668-BE54-9A1E7A4F7556}") = "ArrayOfArrays", "09\ArrayOfArrays\ArrayOfArrays.csproj", "{3976BC50-8751-4851-A28E-2E3D40EA4C04}"
EndProject
Project("{9A19103F-16F7-4668-BE54-9A1E7A4F7556}") = "OutParameterModifier", "09\OutParameterModifier\OutParameterModifier.csproj", "{46FB4D86-1F2E-4779-B254-D9549D546084}"
EndProject
Project("{9A19103F-16F7-4668-BE54-9A1E7A4F7556}") = "DefaultParameters", "09\DefaultParameters\DefaultParameters.csproj", "{3DA1FB4C-A8DC-42E3-87D1-6CD25DAD5E6C}"
EndProject
Project("{9A19103F-16F7-4668-BE54-9A1E7A4F7556}") = "FunctionOverloading", "09\FunctionOverloading\FunctionOverloading.csproj", "{B06F90BC-AAA9-470E-A6FB-B747A4A5BC08}"
EndProject
Project("{9A19103F-16F7-4668-BE54-9A1E7A4F7556}") = "ParseTextMessage", "09\ParseTextMessage\ParseTextMessage.csproj", "{1E65AF06-19D0-436E-BDCE-4D8B406508B4}"
EndProject
Project("{2150E333-8FDC-42A3-9474-1A3956D46DE8}") = "10", "10", "{0DFD6D98-806F-44EA-A1A4-E6C4D7D670A9}"
EndProject
Project("{9A19103F-16F7-4668-BE54-9A1E7A4F7556}") = "StringBuilder", "10\StringBuilder\StringBuilder.csproj", "{AFBED5F7-C636-4D66-B4A0-9643B786BD7D}"
EndProject
Project("{9A19103F-16F7-4668-BE54-9A1E7A4F7556}") = "List", "10\List\List.csproj", "{9449FDEE-D975-4DCE-9C61-3299B81D03E8}"
EndProject
Project("{9A19103F-16F7-4668-BE54-9A1E7A4F7556}") = "Dictionary", "10\Dictionary\Dictionary.csproj", "{F3DF1CAC-5AF3-40C8-B4DC-A6B18F3D5782}"
EndProject
Project("{9A19103F-16F7-4668-BE54-9A1E7A4F7556}") = "ForEachLoop", "10\ForEachLoop\ForEachLoop.csproj", "{1088F886-9F11-4139-93A6-8AB82980AE0A}"
EndProject
Project("{9A19103F-16F7-4668-BE54-9A1E7A4F7556}") = "StringConcatVsStringBuilder", "10\StringConcatVsStringBuilder\StringConcatVsStringBuilder.csproj", "{C26F4CB4-9EE8-4ABA-8078-6D97B3EFEE03}"
EndProject
Project("{9A19103F-16F7-4668-BE54-9A1E7A4F7556}") = "FloatVsDoubleVsDecimal", "10\FloatVsDoubleVsDecimal\FloatVsDoubleVsDecimal.csproj", "{18A516AC-F118-47F9-9602-34957357F310}"
EndProject
Project("{2150E333-8FDC-42A3-9474-1A3956D46DE8}") = "11", "11", "{C2A5617A-1ED3-45B3-B4C0-3C0E4CA00193}"
EndProject
Project("{9A19103F-16F7-4668-BE54-9A1E7A4F7556}") = "Class", "11\Class\Class.csproj", "{C10587D0-D893-4908-ADFE-574F17559142}"
EndProject
Project("{9A19103F-16F7-4668-BE54-9A1E7A4F7556}") = "PartialClass", "11\PartialClass\PartialClass.csproj", "{F2FBCA2B-F955-4C7C-908F-4C6B09DECA8A}"
EndProject
Project("{9A19103F-16F7-4668-BE54-9A1E7A4F7556}") = "StaticClass", "11\StaticClass\StaticClass.csproj", "{AFE87B88-8A09-447D-A311-DAAA420755D8}"
EndProject
Project("{9A19103F-16F7-4668-BE54-9A1E7A4F7556}") = "ExtensionMethod", "11\ExtensionMethod\ExtensionMethod.csproj", "{AA1362B3-11DF-4CC6-9D9E-07687D95C3B5}"
EndProject
Project("{FAE04EC0-301F-11D3-BF4B-00C04F79EFBC}") = "StaticMethod", "11\StaticMethod\StaticMethod.csproj", "{82BE4D7F-271B-4DCE-89E1-DEF23FE668C8}"
EndProject
Global
	GlobalSection(SolutionConfigurationPlatforms) = preSolution
		Debug|Any CPU = Debug|Any CPU
		Release|Any CPU = Release|Any CPU
	EndGlobalSection
	GlobalSection(ProjectConfigurationPlatforms) = postSolution
		{7EB83A06-90AA-443A-A7D8-2C54D27BA4FE}.Debug|Any CPU.ActiveCfg = Debug|Any CPU
		{7EB83A06-90AA-443A-A7D8-2C54D27BA4FE}.Debug|Any CPU.Build.0 = Debug|Any CPU
		{7EB83A06-90AA-443A-A7D8-2C54D27BA4FE}.Release|Any CPU.ActiveCfg = Release|Any CPU
		{7EB83A06-90AA-443A-A7D8-2C54D27BA4FE}.Release|Any CPU.Build.0 = Release|Any CPU
		{79DED209-3F09-40EF-B094-AFCCC2F7C564}.Debug|Any CPU.ActiveCfg = Debug|Any CPU
		{79DED209-3F09-40EF-B094-AFCCC2F7C564}.Debug|Any CPU.Build.0 = Debug|Any CPU
		{79DED209-3F09-40EF-B094-AFCCC2F7C564}.Release|Any CPU.ActiveCfg = Release|Any CPU
		{79DED209-3F09-40EF-B094-AFCCC2F7C564}.Release|Any CPU.Build.0 = Release|Any CPU
		{50082B0A-22F5-403C-A148-2B4D6A8222F2}.Debug|Any CPU.ActiveCfg = Debug|Any CPU
		{50082B0A-22F5-403C-A148-2B4D6A8222F2}.Debug|Any CPU.Build.0 = Debug|Any CPU
		{50082B0A-22F5-403C-A148-2B4D6A8222F2}.Release|Any CPU.ActiveCfg = Release|Any CPU
		{50082B0A-22F5-403C-A148-2B4D6A8222F2}.Release|Any CPU.Build.0 = Release|Any CPU
		{714A5E8E-F413-442E-881F-2101E0BB4F9F}.Debug|Any CPU.ActiveCfg = Debug|Any CPU
		{714A5E8E-F413-442E-881F-2101E0BB4F9F}.Debug|Any CPU.Build.0 = Debug|Any CPU
		{714A5E8E-F413-442E-881F-2101E0BB4F9F}.Release|Any CPU.ActiveCfg = Release|Any CPU
		{714A5E8E-F413-442E-881F-2101E0BB4F9F}.Release|Any CPU.Build.0 = Release|Any CPU
		{D608108B-2A30-4A64-A222-40794ACCED54}.Debug|Any CPU.ActiveCfg = Debug|Any CPU
		{D608108B-2A30-4A64-A222-40794ACCED54}.Debug|Any CPU.Build.0 = Debug|Any CPU
		{D608108B-2A30-4A64-A222-40794ACCED54}.Release|Any CPU.ActiveCfg = Release|Any CPU
		{D608108B-2A30-4A64-A222-40794ACCED54}.Release|Any CPU.Build.0 = Release|Any CPU
		{2AC0D5D3-22FD-4408-9A1C-D4F840DA92E9}.Debug|Any CPU.ActiveCfg = Debug|Any CPU
		{2AC0D5D3-22FD-4408-9A1C-D4F840DA92E9}.Debug|Any CPU.Build.0 = Debug|Any CPU
		{2AC0D5D3-22FD-4408-9A1C-D4F840DA92E9}.Release|Any CPU.ActiveCfg = Release|Any CPU
		{2AC0D5D3-22FD-4408-9A1C-D4F840DA92E9}.Release|Any CPU.Build.0 = Release|Any CPU
		{C43A79F9-8FD2-45C4-8CDA-79C63502DABD}.Debug|Any CPU.ActiveCfg = Debug|Any CPU
		{C43A79F9-8FD2-45C4-8CDA-79C63502DABD}.Debug|Any CPU.Build.0 = Debug|Any CPU
		{C43A79F9-8FD2-45C4-8CDA-79C63502DABD}.Release|Any CPU.ActiveCfg = Release|Any CPU
		{C43A79F9-8FD2-45C4-8CDA-79C63502DABD}.Release|Any CPU.Build.0 = Release|Any CPU
		{FB781ACC-E8DF-4AA7-AC04-1977D81D9EE3}.Debug|Any CPU.ActiveCfg = Debug|Any CPU
		{FB781ACC-E8DF-4AA7-AC04-1977D81D9EE3}.Debug|Any CPU.Build.0 = Debug|Any CPU
		{FB781ACC-E8DF-4AA7-AC04-1977D81D9EE3}.Release|Any CPU.ActiveCfg = Release|Any CPU
		{FB781ACC-E8DF-4AA7-AC04-1977D81D9EE3}.Release|Any CPU.Build.0 = Release|Any CPU
		{90C55505-62FC-432C-AFE7-284CDE7CCFF0}.Debug|Any CPU.ActiveCfg = Debug|Any CPU
		{90C55505-62FC-432C-AFE7-284CDE7CCFF0}.Debug|Any CPU.Build.0 = Debug|Any CPU
		{90C55505-62FC-432C-AFE7-284CDE7CCFF0}.Release|Any CPU.ActiveCfg = Release|Any CPU
		{90C55505-62FC-432C-AFE7-284CDE7CCFF0}.Release|Any CPU.Build.0 = Release|Any CPU
		{413AFEAD-C7D9-44DF-8966-9F955F1FFF83}.Debug|Any CPU.ActiveCfg = Debug|Any CPU
		{413AFEAD-C7D9-44DF-8966-9F955F1FFF83}.Debug|Any CPU.Build.0 = Debug|Any CPU
		{413AFEAD-C7D9-44DF-8966-9F955F1FFF83}.Release|Any CPU.ActiveCfg = Release|Any CPU
		{413AFEAD-C7D9-44DF-8966-9F955F1FFF83}.Release|Any CPU.Build.0 = Release|Any CPU
		{F0C31ECE-DD83-4780-8108-237D3E689870}.Debug|Any CPU.ActiveCfg = Debug|Any CPU
		{F0C31ECE-DD83-4780-8108-237D3E689870}.Debug|Any CPU.Build.0 = Debug|Any CPU
		{F0C31ECE-DD83-4780-8108-237D3E689870}.Release|Any CPU.ActiveCfg = Release|Any CPU
		{F0C31ECE-DD83-4780-8108-237D3E689870}.Release|Any CPU.Build.0 = Release|Any CPU
		{52C6D987-3C1A-45D2-AC22-2B934FD8F458}.Debug|Any CPU.ActiveCfg = Debug|Any CPU
		{52C6D987-3C1A-45D2-AC22-2B934FD8F458}.Debug|Any CPU.Build.0 = Debug|Any CPU
		{52C6D987-3C1A-45D2-AC22-2B934FD8F458}.Release|Any CPU.ActiveCfg = Release|Any CPU
		{52C6D987-3C1A-45D2-AC22-2B934FD8F458}.Release|Any CPU.Build.0 = Release|Any CPU
		{85B41686-F643-4DBB-9DEA-1989CF9B5B06}.Debug|Any CPU.ActiveCfg = Debug|Any CPU
		{85B41686-F643-4DBB-9DEA-1989CF9B5B06}.Debug|Any CPU.Build.0 = Debug|Any CPU
		{85B41686-F643-4DBB-9DEA-1989CF9B5B06}.Release|Any CPU.ActiveCfg = Release|Any CPU
		{85B41686-F643-4DBB-9DEA-1989CF9B5B06}.Release|Any CPU.Build.0 = Release|Any CPU
		{A9886A91-1140-4DBE-A885-A06FE242FA62}.Debug|Any CPU.ActiveCfg = Debug|Any CPU
		{A9886A91-1140-4DBE-A885-A06FE242FA62}.Debug|Any CPU.Build.0 = Debug|Any CPU
		{A9886A91-1140-4DBE-A885-A06FE242FA62}.Release|Any CPU.ActiveCfg = Release|Any CPU
		{A9886A91-1140-4DBE-A885-A06FE242FA62}.Release|Any CPU.Build.0 = Release|Any CPU
		{2BFAE356-8C7F-4438-8F16-CDBF00A39CB9}.Debug|Any CPU.ActiveCfg = Debug|Any CPU
		{2BFAE356-8C7F-4438-8F16-CDBF00A39CB9}.Debug|Any CPU.Build.0 = Debug|Any CPU
		{2BFAE356-8C7F-4438-8F16-CDBF00A39CB9}.Release|Any CPU.ActiveCfg = Release|Any CPU
		{2BFAE356-8C7F-4438-8F16-CDBF00A39CB9}.Release|Any CPU.Build.0 = Release|Any CPU
		{C4F4DC83-A1F8-4BEC-9F27-9531C0C84DBB}.Debug|Any CPU.ActiveCfg = Debug|Any CPU
		{C4F4DC83-A1F8-4BEC-9F27-9531C0C84DBB}.Debug|Any CPU.Build.0 = Debug|Any CPU
		{C4F4DC83-A1F8-4BEC-9F27-9531C0C84DBB}.Release|Any CPU.ActiveCfg = Release|Any CPU
		{C4F4DC83-A1F8-4BEC-9F27-9531C0C84DBB}.Release|Any CPU.Build.0 = Release|Any CPU
		{600E0D56-264C-4F0F-8E17-6457C0FE4E4A}.Debug|Any CPU.ActiveCfg = Debug|Any CPU
		{600E0D56-264C-4F0F-8E17-6457C0FE4E4A}.Debug|Any CPU.Build.0 = Debug|Any CPU
		{600E0D56-264C-4F0F-8E17-6457C0FE4E4A}.Release|Any CPU.ActiveCfg = Release|Any CPU
		{600E0D56-264C-4F0F-8E17-6457C0FE4E4A}.Release|Any CPU.Build.0 = Release|Any CPU
		{BA350D0B-832D-4BFA-A32B-96879D7402BD}.Debug|Any CPU.ActiveCfg = Debug|Any CPU
		{BA350D0B-832D-4BFA-A32B-96879D7402BD}.Debug|Any CPU.Build.0 = Debug|Any CPU
		{BA350D0B-832D-4BFA-A32B-96879D7402BD}.Release|Any CPU.ActiveCfg = Release|Any CPU
		{BA350D0B-832D-4BFA-A32B-96879D7402BD}.Release|Any CPU.Build.0 = Release|Any CPU
		{A8DFB64C-7B08-4223-B2E1-780F69CC6817}.Debug|Any CPU.ActiveCfg = Debug|Any CPU
		{A8DFB64C-7B08-4223-B2E1-780F69CC6817}.Debug|Any CPU.Build.0 = Debug|Any CPU
		{A8DFB64C-7B08-4223-B2E1-780F69CC6817}.Release|Any CPU.ActiveCfg = Release|Any CPU
		{A8DFB64C-7B08-4223-B2E1-780F69CC6817}.Release|Any CPU.Build.0 = Release|Any CPU
		{B5886FA2-3A36-41F6-9757-6C3EDC72EC16}.Debug|Any CPU.ActiveCfg = Debug|Any CPU
		{B5886FA2-3A36-41F6-9757-6C3EDC72EC16}.Debug|Any CPU.Build.0 = Debug|Any CPU
		{B5886FA2-3A36-41F6-9757-6C3EDC72EC16}.Release|Any CPU.ActiveCfg = Release|Any CPU
		{B5886FA2-3A36-41F6-9757-6C3EDC72EC16}.Release|Any CPU.Build.0 = Release|Any CPU
		{26BF50FC-FFEA-4FF6-8907-04DE56649526}.Debug|Any CPU.ActiveCfg = Debug|Any CPU
		{26BF50FC-FFEA-4FF6-8907-04DE56649526}.Debug|Any CPU.Build.0 = Debug|Any CPU
		{26BF50FC-FFEA-4FF6-8907-04DE56649526}.Release|Any CPU.ActiveCfg = Release|Any CPU
		{26BF50FC-FFEA-4FF6-8907-04DE56649526}.Release|Any CPU.Build.0 = Release|Any CPU
		{6F2D0348-7E7E-4147-8E5F-EC5ECC84FF3C}.Debug|Any CPU.ActiveCfg = Debug|Any CPU
		{6F2D0348-7E7E-4147-8E5F-EC5ECC84FF3C}.Debug|Any CPU.Build.0 = Debug|Any CPU
		{6F2D0348-7E7E-4147-8E5F-EC5ECC84FF3C}.Release|Any CPU.ActiveCfg = Release|Any CPU
		{6F2D0348-7E7E-4147-8E5F-EC5ECC84FF3C}.Release|Any CPU.Build.0 = Release|Any CPU
		{FA9AF6C2-9313-4C20-A60C-547DF0511F29}.Debug|Any CPU.ActiveCfg = Debug|Any CPU
		{FA9AF6C2-9313-4C20-A60C-547DF0511F29}.Debug|Any CPU.Build.0 = Debug|Any CPU
		{FA9AF6C2-9313-4C20-A60C-547DF0511F29}.Release|Any CPU.ActiveCfg = Release|Any CPU
		{FA9AF6C2-9313-4C20-A60C-547DF0511F29}.Release|Any CPU.Build.0 = Release|Any CPU
		{94E98592-9374-4D50-9250-EDA14BA21D77}.Debug|Any CPU.ActiveCfg = Debug|Any CPU
		{94E98592-9374-4D50-9250-EDA14BA21D77}.Debug|Any CPU.Build.0 = Debug|Any CPU
		{94E98592-9374-4D50-9250-EDA14BA21D77}.Release|Any CPU.ActiveCfg = Release|Any CPU
		{94E98592-9374-4D50-9250-EDA14BA21D77}.Release|Any CPU.Build.0 = Release|Any CPU
		{D5B1C45C-D85B-4952-AF22-D29F3C380DE2}.Debug|Any CPU.ActiveCfg = Debug|Any CPU
		{D5B1C45C-D85B-4952-AF22-D29F3C380DE2}.Debug|Any CPU.Build.0 = Debug|Any CPU
		{D5B1C45C-D85B-4952-AF22-D29F3C380DE2}.Release|Any CPU.ActiveCfg = Release|Any CPU
		{D5B1C45C-D85B-4952-AF22-D29F3C380DE2}.Release|Any CPU.Build.0 = Release|Any CPU
		{BFA3851F-578C-44EE-AC3C-11B8123EDEEE}.Debug|Any CPU.ActiveCfg = Debug|Any CPU
		{BFA3851F-578C-44EE-AC3C-11B8123EDEEE}.Debug|Any CPU.Build.0 = Debug|Any CPU
		{BFA3851F-578C-44EE-AC3C-11B8123EDEEE}.Release|Any CPU.ActiveCfg = Release|Any CPU
		{BFA3851F-578C-44EE-AC3C-11B8123EDEEE}.Release|Any CPU.Build.0 = Release|Any CPU
		{84F27B74-14D4-4939-9321-691E3BE922C2}.Debug|Any CPU.ActiveCfg = Debug|Any CPU
		{84F27B74-14D4-4939-9321-691E3BE922C2}.Debug|Any CPU.Build.0 = Debug|Any CPU
		{84F27B74-14D4-4939-9321-691E3BE922C2}.Release|Any CPU.ActiveCfg = Release|Any CPU
		{84F27B74-14D4-4939-9321-691E3BE922C2}.Release|Any CPU.Build.0 = Release|Any CPU
		{3976BC50-8751-4851-A28E-2E3D40EA4C04}.Debug|Any CPU.ActiveCfg = Debug|Any CPU
		{3976BC50-8751-4851-A28E-2E3D40EA4C04}.Debug|Any CPU.Build.0 = Debug|Any CPU
		{3976BC50-8751-4851-A28E-2E3D40EA4C04}.Release|Any CPU.ActiveCfg = Release|Any CPU
		{3976BC50-8751-4851-A28E-2E3D40EA4C04}.Release|Any CPU.Build.0 = Release|Any CPU
		{46FB4D86-1F2E-4779-B254-D9549D546084}.Debug|Any CPU.ActiveCfg = Debug|Any CPU
		{46FB4D86-1F2E-4779-B254-D9549D546084}.Debug|Any CPU.Build.0 = Debug|Any CPU
		{46FB4D86-1F2E-4779-B254-D9549D546084}.Release|Any CPU.ActiveCfg = Release|Any CPU
		{46FB4D86-1F2E-4779-B254-D9549D546084}.Release|Any CPU.Build.0 = Release|Any CPU
		{3DA1FB4C-A8DC-42E3-87D1-6CD25DAD5E6C}.Debug|Any CPU.ActiveCfg = Debug|Any CPU
		{3DA1FB4C-A8DC-42E3-87D1-6CD25DAD5E6C}.Debug|Any CPU.Build.0 = Debug|Any CPU
		{3DA1FB4C-A8DC-42E3-87D1-6CD25DAD5E6C}.Release|Any CPU.ActiveCfg = Release|Any CPU
		{3DA1FB4C-A8DC-42E3-87D1-6CD25DAD5E6C}.Release|Any CPU.Build.0 = Release|Any CPU
		{B06F90BC-AAA9-470E-A6FB-B747A4A5BC08}.Debug|Any CPU.ActiveCfg = Debug|Any CPU
		{B06F90BC-AAA9-470E-A6FB-B747A4A5BC08}.Debug|Any CPU.Build.0 = Debug|Any CPU
		{B06F90BC-AAA9-470E-A6FB-B747A4A5BC08}.Release|Any CPU.ActiveCfg = Release|Any CPU
		{B06F90BC-AAA9-470E-A6FB-B747A4A5BC08}.Release|Any CPU.Build.0 = Release|Any CPU
		{1E65AF06-19D0-436E-BDCE-4D8B406508B4}.Debug|Any CPU.ActiveCfg = Debug|Any CPU
		{1E65AF06-19D0-436E-BDCE-4D8B406508B4}.Debug|Any CPU.Build.0 = Debug|Any CPU
		{1E65AF06-19D0-436E-BDCE-4D8B406508B4}.Release|Any CPU.ActiveCfg = Release|Any CPU
		{1E65AF06-19D0-436E-BDCE-4D8B406508B4}.Release|Any CPU.Build.0 = Release|Any CPU
		{AFBED5F7-C636-4D66-B4A0-9643B786BD7D}.Debug|Any CPU.ActiveCfg = Debug|Any CPU
		{AFBED5F7-C636-4D66-B4A0-9643B786BD7D}.Debug|Any CPU.Build.0 = Debug|Any CPU
		{AFBED5F7-C636-4D66-B4A0-9643B786BD7D}.Release|Any CPU.ActiveCfg = Release|Any CPU
		{AFBED5F7-C636-4D66-B4A0-9643B786BD7D}.Release|Any CPU.Build.0 = Release|Any CPU
		{9449FDEE-D975-4DCE-9C61-3299B81D03E8}.Debug|Any CPU.ActiveCfg = Debug|Any CPU
		{9449FDEE-D975-4DCE-9C61-3299B81D03E8}.Debug|Any CPU.Build.0 = Debug|Any CPU
		{9449FDEE-D975-4DCE-9C61-3299B81D03E8}.Release|Any CPU.ActiveCfg = Release|Any CPU
		{9449FDEE-D975-4DCE-9C61-3299B81D03E8}.Release|Any CPU.Build.0 = Release|Any CPU
		{F3DF1CAC-5AF3-40C8-B4DC-A6B18F3D5782}.Debug|Any CPU.ActiveCfg = Debug|Any CPU
		{F3DF1CAC-5AF3-40C8-B4DC-A6B18F3D5782}.Debug|Any CPU.Build.0 = Debug|Any CPU
		{F3DF1CAC-5AF3-40C8-B4DC-A6B18F3D5782}.Release|Any CPU.ActiveCfg = Release|Any CPU
		{F3DF1CAC-5AF3-40C8-B4DC-A6B18F3D5782}.Release|Any CPU.Build.0 = Release|Any CPU
		{1088F886-9F11-4139-93A6-8AB82980AE0A}.Debug|Any CPU.ActiveCfg = Debug|Any CPU
		{1088F886-9F11-4139-93A6-8AB82980AE0A}.Debug|Any CPU.Build.0 = Debug|Any CPU
		{1088F886-9F11-4139-93A6-8AB82980AE0A}.Release|Any CPU.ActiveCfg = Release|Any CPU
		{1088F886-9F11-4139-93A6-8AB82980AE0A}.Release|Any CPU.Build.0 = Release|Any CPU
		{C26F4CB4-9EE8-4ABA-8078-6D97B3EFEE03}.Debug|Any CPU.ActiveCfg = Debug|Any CPU
		{C26F4CB4-9EE8-4ABA-8078-6D97B3EFEE03}.Debug|Any CPU.Build.0 = Debug|Any CPU
		{C26F4CB4-9EE8-4ABA-8078-6D97B3EFEE03}.Release|Any CPU.ActiveCfg = Release|Any CPU
		{C26F4CB4-9EE8-4ABA-8078-6D97B3EFEE03}.Release|Any CPU.Build.0 = Release|Any CPU
		{18A516AC-F118-47F9-9602-34957357F310}.Debug|Any CPU.ActiveCfg = Debug|Any CPU
		{18A516AC-F118-47F9-9602-34957357F310}.Debug|Any CPU.Build.0 = Debug|Any CPU
		{18A516AC-F118-47F9-9602-34957357F310}.Release|Any CPU.ActiveCfg = Release|Any CPU
		{18A516AC-F118-47F9-9602-34957357F310}.Release|Any CPU.Build.0 = Release|Any CPU
		{C10587D0-D893-4908-ADFE-574F17559142}.Debug|Any CPU.ActiveCfg = Debug|Any CPU
		{C10587D0-D893-4908-ADFE-574F17559142}.Debug|Any CPU.Build.0 = Debug|Any CPU
		{C10587D0-D893-4908-ADFE-574F17559142}.Release|Any CPU.ActiveCfg = Release|Any CPU
		{C10587D0-D893-4908-ADFE-574F17559142}.Release|Any CPU.Build.0 = Release|Any CPU
		{F2FBCA2B-F955-4C7C-908F-4C6B09DECA8A}.Debug|Any CPU.ActiveCfg = Debug|Any CPU
		{F2FBCA2B-F955-4C7C-908F-4C6B09DECA8A}.Debug|Any CPU.Build.0 = Debug|Any CPU
		{F2FBCA2B-F955-4C7C-908F-4C6B09DECA8A}.Release|Any CPU.ActiveCfg = Release|Any CPU
		{F2FBCA2B-F955-4C7C-908F-4C6B09DECA8A}.Release|Any CPU.Build.0 = Release|Any CPU
		{AFE87B88-8A09-447D-A311-DAAA420755D8}.Debug|Any CPU.ActiveCfg = Debug|Any CPU
		{AFE87B88-8A09-447D-A311-DAAA420755D8}.Debug|Any CPU.Build.0 = Debug|Any CPU
		{AFE87B88-8A09-447D-A311-DAAA420755D8}.Release|Any CPU.ActiveCfg = Release|Any CPU
		{AFE87B88-8A09-447D-A311-DAAA420755D8}.Release|Any CPU.Build.0 = Release|Any CPU
		{AA1362B3-11DF-4CC6-9D9E-07687D95C3B5}.Debug|Any CPU.ActiveCfg = Debug|Any CPU
		{AA1362B3-11DF-4CC6-9D9E-07687D95C3B5}.Debug|Any CPU.Build.0 = Debug|Any CPU
		{AA1362B3-11DF-4CC6-9D9E-07687D95C3B5}.Release|Any CPU.ActiveCfg = Release|Any CPU
		{AA1362B3-11DF-4CC6-9D9E-07687D95C3B5}.Release|Any CPU.Build.0 = Release|Any CPU
		{82BE4D7F-271B-4DCE-89E1-DEF23FE668C8}.Debug|Any CPU.ActiveCfg = Debug|Any CPU
		{82BE4D7F-271B-4DCE-89E1-DEF23FE668C8}.Debug|Any CPU.Build.0 = Debug|Any CPU
		{82BE4D7F-271B-4DCE-89E1-DEF23FE668C8}.Release|Any CPU.ActiveCfg = Release|Any CPU
		{82BE4D7F-271B-4DCE-89E1-DEF23FE668C8}.Release|Any CPU.Build.0 = Release|Any CPU
	EndGlobalSection
	GlobalSection(SolutionProperties) = preSolution
		HideSolutionNode = FALSE
	EndGlobalSection
	GlobalSection(NestedProjects) = preSolution
		{7EB83A06-90AA-443A-A7D8-2C54D27BA4FE} = {6678DD98-8464-42BF-A2F6-047994F4847E}
		{79DED209-3F09-40EF-B094-AFCCC2F7C564} = {088370A7-3196-4B58-B620-0FDDE7829C89}
		{50082B0A-22F5-403C-A148-2B4D6A8222F2} = {088370A7-3196-4B58-B620-0FDDE7829C89}
		{714A5E8E-F413-442E-881F-2101E0BB4F9F} = {088370A7-3196-4B58-B620-0FDDE7829C89}
		{D608108B-2A30-4A64-A222-40794ACCED54} = {BFC911D9-03DA-47F2-8660-448DD7A9A4A4}
		{2AC0D5D3-22FD-4408-9A1C-D4F840DA92E9} = {BFC911D9-03DA-47F2-8660-448DD7A9A4A4}
		{C43A79F9-8FD2-45C4-8CDA-79C63502DABD} = {BFC911D9-03DA-47F2-8660-448DD7A9A4A4}
		{FB781ACC-E8DF-4AA7-AC04-1977D81D9EE3} = {BFC911D9-03DA-47F2-8660-448DD7A9A4A4}
		{90C55505-62FC-432C-AFE7-284CDE7CCFF0} = {BFC911D9-03DA-47F2-8660-448DD7A9A4A4}
		{413AFEAD-C7D9-44DF-8966-9F955F1FFF83} = {BFC911D9-03DA-47F2-8660-448DD7A9A4A4}
		{F0C31ECE-DD83-4780-8108-237D3E689870} = {BFC911D9-03DA-47F2-8660-448DD7A9A4A4}
		{52C6D987-3C1A-45D2-AC22-2B934FD8F458} = {BFC911D9-03DA-47F2-8660-448DD7A9A4A4}
		{85B41686-F643-4DBB-9DEA-1989CF9B5B06} = {C1245CF3-0070-4EA3-B20E-80146468B9A2}
		{A9886A91-1140-4DBE-A885-A06FE242FA62} = {C1245CF3-0070-4EA3-B20E-80146468B9A2}
		{2BFAE356-8C7F-4438-8F16-CDBF00A39CB9} = {C1245CF3-0070-4EA3-B20E-80146468B9A2}
		{C4F4DC83-A1F8-4BEC-9F27-9531C0C84DBB} = {0D9CB036-ACA6-4911-8E9F-2D0CBF08721A}
		{600E0D56-264C-4F0F-8E17-6457C0FE4E4A} = {0D9CB036-ACA6-4911-8E9F-2D0CBF08721A}
		{BA350D0B-832D-4BFA-A32B-96879D7402BD} = {0D9CB036-ACA6-4911-8E9F-2D0CBF08721A}
		{A8DFB64C-7B08-4223-B2E1-780F69CC6817} = {0D9CB036-ACA6-4911-8E9F-2D0CBF08721A}
		{B5886FA2-3A36-41F6-9757-6C3EDC72EC16} = {0D9CB036-ACA6-4911-8E9F-2D0CBF08721A}
		{26BF50FC-FFEA-4FF6-8907-04DE56649526} = {773EA059-A4E9-4C60-B323-5F412F1D7976}
		{6F2D0348-7E7E-4147-8E5F-EC5ECC84FF3C} = {773EA059-A4E9-4C60-B323-5F412F1D7976}
		{FA9AF6C2-9313-4C20-A60C-547DF0511F29} = {773EA059-A4E9-4C60-B323-5F412F1D7976}
		{94E98592-9374-4D50-9250-EDA14BA21D77} = {773EA059-A4E9-4C60-B323-5F412F1D7976}
		{D5B1C45C-D85B-4952-AF22-D29F3C380DE2} = {773EA059-A4E9-4C60-B323-5F412F1D7976}
		{BFA3851F-578C-44EE-AC3C-11B8123EDEEE} = {C7DF3224-CF8A-444C-AEB4-C7970A821411}
		{84F27B74-14D4-4939-9321-691E3BE922C2} = {C7DF3224-CF8A-444C-AEB4-C7970A821411}
		{3976BC50-8751-4851-A28E-2E3D40EA4C04} = {F7422A70-934F-4308-8D50-ACBBD966BD5C}
		{46FB4D86-1F2E-4779-B254-D9549D546084} = {F7422A70-934F-4308-8D50-ACBBD966BD5C}
		{3DA1FB4C-A8DC-42E3-87D1-6CD25DAD5E6C} = {F7422A70-934F-4308-8D50-ACBBD966BD5C}
		{B06F90BC-AAA9-470E-A6FB-B747A4A5BC08} = {F7422A70-934F-4308-8D50-ACBBD966BD5C}
		{1E65AF06-19D0-436E-BDCE-4D8B406508B4} = {F7422A70-934F-4308-8D50-ACBBD966BD5C}
		{AFBED5F7-C636-4D66-B4A0-9643B786BD7D} = {0DFD6D98-806F-44EA-A1A4-E6C4D7D670A9}
		{9449FDEE-D975-4DCE-9C61-3299B81D03E8} = {0DFD6D98-806F-44EA-A1A4-E6C4D7D670A9}
		{F3DF1CAC-5AF3-40C8-B4DC-A6B18F3D5782} = {0DFD6D98-806F-44EA-A1A4-E6C4D7D670A9}
		{1088F886-9F11-4139-93A6-8AB82980AE0A} = {0DFD6D98-806F-44EA-A1A4-E6C4D7D670A9}
		{C26F4CB4-9EE8-4ABA-8078-6D97B3EFEE03} = {0DFD6D98-806F-44EA-A1A4-E6C4D7D670A9}
		{18A516AC-F118-47F9-9602-34957357F310} = {0DFD6D98-806F-44EA-A1A4-E6C4D7D670A9}
		{C10587D0-D893-4908-ADFE-574F17559142} = {C2A5617A-1ED3-45B3-B4C0-3C0E4CA00193}
		{F2FBCA2B-F955-4C7C-908F-4C6B09DECA8A} = {C2A5617A-1ED3-45B3-B4C0-3C0E4CA00193}
		{AFE87B88-8A09-447D-A311-DAAA420755D8} = {C2A5617A-1ED3-45B3-B4C0-3C0E4CA00193}
		{AA1362B3-11DF-4CC6-9D9E-07687D95C3B5} = {C2A5617A-1ED3-45B3-B4C0-3C0E4CA00193}
		{82BE4D7F-271B-4DCE-89E1-DEF23FE668C8} = {C2A5617A-1ED3-45B3-B4C0-3C0E4CA00193}
	EndGlobalSection
	GlobalSection(ExtensibilityGlobals) = postSolution
		SolutionGuid = {96723904-3ECA-4291-9A14-EEC341AC2BE4}
	EndGlobalSection
EndGlobal
